# THIS IS AN AUTOGENERATED FILE. DO NOT EDIT THIS FILE DIRECTLY.
# yarn lockfile v1


preact@^10.0.0:
  version "10.0.0"
  resolved "https://registry.yarnpkg.com/preact/-/preact-10.0.0.tgz#c528f04ac6c792a04d8c98a5144d8b13e0cf2aed"
  integrity sha512-v5geBMq8xlX7Ai8ed0QFXIs7/SQ+4lzdu3fpApRspZ6IiFDRHeEXQ3fqns0jDsXseHjYqgWlK1QxqdWF4QrdFw==
